
Microsoft Visual Studio Solution File, Format Version 12.00
# Visual Studio Version 17
VisualStudioVersion = 17.14.36705.20 d17.14
MinimumVisualStudioVersion = 10.0.40219.1
Project("{888888A0-9F3D-457C-B088-3A5042F75D52}") = "SpotiMap", "SpotiMap.pyproj", "{D3BE5F24-F86C-4175-AC70-CF01E688C6DB}"
EndProject
Global
	GlobalSection(SolutionConfigurationPlatforms) = preSolution
		Debug|Any CPU = Debug|Any CPU
		Release|Any CPU = Release|Any CPU
	EndGlobalSection
	GlobalSection(ProjectConfigurationPlatforms) = postSolution
		{D3BE5F24-F86C-4175-AC70-CF01E688C6DB}.Debug|Any CPU.ActiveCfg = Debug|Any CPU
		{D3BE5F24-F86C-4175-AC70-CF01E688C6DB}.Release|Any CPU.ActiveCfg = Release|Any CPU
	EndGlobalSection
	GlobalSection(SolutionProperties) = preSolution
		HideSolutionNode = FALSE
	EndGlobalSection
	GlobalSection(ExtensibilityGlobals) = postSolution
		SolutionGuid = {846063A4-43D9-4408-A5EC-A836529AEB8A}
	EndGlobalSection
EndGlobal
